// !$*UTF8*$!
{
	archiveVersion = 1;
	classes = {
	};
	objectVersion = 50;
	objects = {

/* Begin PBXBuildFile section */
		12D423FC21B5E7250071FFC6 /* AppDelegate.swift in Sources */ = {isa = PBXBuildFile; fileRef = 12D423FB21B5E7250071FFC6 /* AppDelegate.swift */; };
		12D423FE21B5E7250071FFC6 /* ViewController.swift in Sources */ = {isa = PBXBuildFile; fileRef = 12D423FD21B5E7250071FFC6 /* ViewController.swift */; };
		12D4240121B5E7250071FFC6 /* Main.storyboard in Resources */ = {isa = PBXBuildFile; fileRef = 12D423FF21B5E7250071FFC6 /* Main.storyboard */; };
		12D4240321B5E7280071FFC6 /* Assets.xcassets in Resources */ = {isa = PBXBuildFile; fileRef = 12D4240221B5E7280071FFC6 /* Assets.xcassets */; };
		12D4240621B5E7280071FFC6 /* LaunchScreen.storyboard in Resources */ = {isa = PBXBuildFile; fileRef = 12D4240421B5E7280071FFC6 /* LaunchScreen.storyboard */; };
		12D4241221B5E9AB0071FFC6 /* cloudlogo.png in Resources */ = {isa = PBXBuildFile; fileRef = 12D4241121B5E9AB0071FFC6 /* cloudlogo.png */; };
/* End PBXBuildFile section */

/* Begin PBXFileReference section */
		12D423F821B5E7250071FFC6 /* geolocationapp.app */ = {isa = PBXFileReference; explicitFileType = wrapper.application; includeInIndex = 0; path = geolocationapp.app; sourceTree = BUILT_PRODUCTS_DIR; };
		12D423FB21B5E7250071FFC6 /* AppDelegate.swift */ = {isa = PBXFileReference; lastKnownFileType = sourcecode.swift; path = AppDelegate.swift; sourceTree = "<group>"; };
		12D423FD21B5E7250071FFC6 /* ViewController.swift */ = {isa = PBXFileReference; lastKnownFileType = sourcecode.swift; path = ViewController.swift; sourceTree = "<group>"; };
		12D4240021B5E7250071FFC6 /* Base */ = {isa = PBXFileReference; lastKnownFileType = file.storyboard; name = Base; path = Base.lproj/Main.storyboard; sourceTree = "<group>"; };
		12D4240221B5E7280071FFC6 /* Assets.xcassets */ = {isa = PBXFileReference; lastKnownFileType = folder.assetcatalog; path = Assets.xcassets; sourceTree = "<group>"; };
		12D4240521B5E7280071FFC6 /* Base */ = {isa = PBXFileReference; lastKnownFileType = file.storyboard; name = Base; path = Base.lproj/LaunchScreen.storyboard; sourceTree = "<group>"; };
		12D4240721B5E7280071FFC6 /* Info.plist */ = {isa = PBXFileReference; lastKnownFileType = text.plist.xml; path = Info.plist; sourceTree = "<group>"; };
		12D4241121B5E9AB0071FFC6 /* cloudlogo.png */ = {isa = PBXFileReference; lastKnownFileType = image.png; name = cloudlogo.png; path = ../../../cloudlogo.png; sourceTree = "<group>"; };
/* End PBXFileReference section */

/* Begin PBXFrameworksBuildPhase section */
		12D423F521B5E7250071FFC6 /* Frameworks */ = {
			isa = PBXFrameworksBuildPhase;
			buildActionMask = 2147483647;
			files = (
			);
			runOnlyForDeploymentPostprocessing = 0;
		};
/* End PBXFrameworksBuildPhase section */

/* Begin PBXGroup section */
		12D423EF21B5E7250071FFC6 = {
			isa = PBXGroup;
			children = (
				12D423FA21B5E7250071FFC6 /* geolocationapp */,
				12D423F921B5E7250071FFC6 /* Products */,
			);
			sourceTree = "<group>";
		};
		12D423F921B5E7250071FFC6 /* Products */ = {
			isa = PBXGroup;
			children = (
				12D423F821B5E7250071FFC6 /* geolocationapp.app */,
			);
			name = Products;
			sourceTree = "<group>";
		};
		12D423FA21B5E7250071FFC6 /* geolocationapp */ = {
			isa = PBXGroup;
			children = (
				12D4241121B5E9AB0071FFC6 /* cloudlogo.png */,
				12D423FB21B5E7250071FFC6 /* AppDelegate.swift */,
				12D423FD21B5E7250071FFC6 /* ViewController.swift */,
				12D423FF21B5E7250071FFC6 /* Main.storyboard */,
				12D4240221B5E7280071FFC6 /* Assets.xcassets */,
				12D4240421B5E7280071FFC6 /* LaunchScreen.storyboard */,
				12D4240721B5E7280071FFC6 /* Info.plist */,
			);
			path = geolocationapp;
			sourceTree = "<group>";
		};
/* End PBXGroup section */

/* Begin PBXNativeTarget section */
		12D423F721B5E7250071FFC6 /* geolocationapp */ = {
			isa = PBXNativeTarget;
			buildConfigurationList = 12D4240A21B5E7280071FFC6 /* Build configuration list for PBXNativeTarget "geolocationapp" */;
			buildPhases = (
				12D423F421B5E7250071FFC6 /* Sources */,
				12D423F521B5E7250071FFC6 /* Frameworks */,
				12D423F621B5E7250071FFC6 /* Resources */,
			);
			buildRules = (
			);
			dependencies = (
			);
			name = geolocationapp;
			productName = geolocationapp;
			productReference = 12D423F821B5E7250071FFC6 /* geolocationapp.app */;
			productType = "com.apple.product-type.application";
		};
/* End PBXNativeTarget section */

/* Begin PBXProject section */
		12D423F021B5E7250071FFC6 /* Project object */ = {
			isa = PBXProject;
			attributes = {
				LastSwiftUpdateCheck = 1010;
				LastUpgradeCheck = 1010;
				ORGANIZATIONNAME = "Teghveer Sahni";
				TargetAttributes = {
					12D423F721B5E7250071FFC6 = {
						CreatedOnToolsVersion = 10.1;
					};
				};
			};
			buildConfigurationList = 12D423F321B5E7250071FFC6 /* Build configuration list for PBXProject "geolocationapp" */;
			compatibilityVersion = "Xcode 9.3";
			developmentRegion = en;
			hasScannedForEncodings = 0;
			knownRegions = (
				en,
				Base,
			);
			mainGroup = 12D423EF21B5E7250071FFC6;
			productRefGroup = 12D423F921B5E7250071FFC6 /* Products */;
			projectDirPath = "";
			projectRoot = "";
			targets = (
				12D423F721B5E7250071FFC6 /* geolocationapp */,
			);
		};
/* End PBXProject section */

/* Begin PBXResourcesBuildPhase section */
		12D423F621B5E7250071FFC6 /* Resources */ = {
			isa = PBXResourcesBuildPhase;
			buildActionMask = 2147483647;
			files = (
				12D4241221B5E9AB0071FFC6 /* cloudlogo.png in Resources */,
				12D4240621B5E7280071FFC6 /* LaunchScreen.storyboard in Resources */,
				12D4240321B5E7280071FFC6 /* Assets.xcassets in Resources */,
				12D4240121B5E7250071FFC6 /* Main.storyboard in Resources */,
			);
			runOnlyForDeploymentPostprocessing = 0;
		};
/* End PBXResourcesBuildPhase section */

/* Begin PBXSourcesBuildPhase section */
		12D423F421B5E7250071FFC6 /* Sources */ = {
			isa = PBXSourcesBuildPhase;
			buildActionMask = 2147483647;
			files = (
				12D423FE21B5E7250071FFC6 /* ViewController.swift in Sources */,
				12D423FC21B5E7250071FFC6 /* AppDelegate.swift in Sources */,
			);
			runOnlyForDeploymentPostprocessing = 0;
		};
/* End PBXSourcesBuildPhase section */

/* Begin PBXVariantGroup section */
		12D423FF21B5E7250071FFC6 /* Main.storyboard */ = {
			isa = PBXVariantGroup;
			children = (
				12D4240021B5E7250071FFC6 /* Base */,
			);
			name = Main.storyboard;
			sourceTree = "<group>";
		};
		12D4240421B5E7280071FFC6 /* LaunchScreen.storyboard */ = {
			isa = PBXVariantGroup;
			children = (
				12D4240521B5E7280071FFC6 /* Base */,
			);
			name = LaunchScreen.storyboard;
			sourceTree = "<group>";
		};
/* End PBXVariantGroup section */

/* Begin XCBuildConfiguration section */
		12D4240821B5E7280071FFC6 /* Debug */ = {
			isa = XCBuildConfiguration;
			buildSettings = {
				ALWAYS_SEARCH_USER_PATHS = NO;
				CLANG_ANALYZER_NONNULL = YES;
				CLANG_ANALYZER_NUMBER_OBJECT_CONVERSION = YES_AGGRESSIVE;
				CLANG_CXX_LANGUAGE_STANDARD = "gnu++14";
				CLANG_CXX_LIBRARY = "libc++";
				CLANG_ENABLE_MODULES = YES;
				CLANG_ENABLE_OBJC_ARC = YES;
				CLANG_ENABLE_OBJC_WEAK = YES;
				CLANG_WARN_BLOCK_CAPTURE_AUTORELEASING = YES;
				CLANG_WARN_BOOL_CONVERSION = YES;
				CLANG_WARN_COMMA = YES;
				CLANG_WARN_CONSTANT_CONVERSION = YES;
				CLANG_WARN_DEPRECATED_OBJC_IMPLEMENTATIONS = YES;
				CLANG_WARN_DIRECT_OBJC_ISA_USAGE = YES_ERROR;
				CLANG_WARN_DOCUMENTATION_COMMENTS = YES;
				CLANG_WARN_EMPTY_BODY = YES;
				CLANG_WARN_ENUM_CONVERSION = YES;
				CLANG_WARN_INFINITE_RECURSION = YES;
				CLANG_WARN_INT_CONVERSION = YES;
				CLANG_WARN_NON_LITERAL_NULL_CONVERSION = YES;
				CLANG_WARN_OBJC_IMPLICIT_RETAIN_SELF = YES;
				CLANG_WARN_OBJC_LITERAL_CONVERSION = YES;
				CLANG_WARN_OBJC_ROOT_CLASS = YES_ERROR;
				CLANG_WARN_RANGE_LOOP_ANALYSIS = YES;
				CLANG_WARN_STRICT_PROTOTYPES = YES;
				CLANG_WARN_SUSPICIOUS_MOVE = YES;
				CLANG_WARN_UNGUARDED_AVAILABILITY = YES_AGGRESSIVE;
				CLANG_WARN_UNREACHABLE_CODE = YES;
				CLANG_WARN__DUPLICATE_METHOD_MATCH = YES;
				CODE_SIGN_IDENTITY = "iPhone Developer";
				COPY_PHASE_STRIP = NO;
				DEBUG_INFORMATION_FORMAT = dwarf;
				ENABLE_STRICT_OBJC_MSGSEND = YES;
				ENABLE_TESTABILITY = YES;
				GCC_C_LANGUAGE_STANDARD = gnu11;
				GCC_DYNAMIC_NO_PIC = NO;
				GCC_NO_COMMON_BLOCKS = YES;
				GCC_OPTIMIZATION_LEVEL = 0;
				GCC_PREPROCESSOR_DEFINITIONS = (
					"DEBUG=1",
					"$(inherited)",
				);
				GCC_WARN_64_TO_32_BIT_CONVERSION = YES;
				GCC_WARN_ABOUT_RETURN_TYPE = YES_ERROR;
				GCC_WARN_UNDECLARED_SELECTOR = YES;
				GCC_WARN_UNINITIALIZED_AUTOS = YES_AGGRESSIVE;
				GCC_WARN_UNUSED_FUNCTION = YES;
				GCC_WARN_UNUSED_VARIABLE = YES;
				IPHONEOS_DEPLOYMENT_TARGET = 12.1;
				MTL_ENABLE_DEBUG_INFO = INCLUDE_SOURCE;
				MTL_FAST_MATH = YES;
				ONLY_ACTIVE_ARCH = YES;
				SDKROOT = iphoneos;
				SWIFT_ACTIVE_COMPILATION_CONDITIONS = DEBUG;
				SWIFT_OPTIMIZATION_LEVEL = "-Onone";
			};
			name = Debug;
		};
		12D4240921B5E7280071FFC6 /* Release */ = {
			isa = XCBuildConfiguration;
			buildSettings = {
				ALWAYS_SEARCH_USER_PATHS = NO;
				CLANG_ANALYZER_NONNULL = YES;
				CLANG_ANALYZER_NUMBER_OBJECT_CONVERSION = YES_AGGRESSIVE;
				CLANG_CXX_LANGUAGE_STANDARD = "gnu++14";
				CLANG_CXX_LIBRARY = "libc++";
				CLANG_ENABLE_MODULES = YES;
				CLANG_ENABLE_OBJC_ARC = YES;
				CLANG_ENABLE_OBJC_WEAK = YES;
				CLANG_WARN_BLOCK_CAPTURE_AUTORELEASING = YES;
				CLANG_WARN_BOOL_CONVERSION = YES;
				CLANG_WARN_COMMA = YES;
				CLANG_WARN_CONSTANT_CONVERSION = YES;
				CLANG_WARN_DEPRECATED_OBJC_IMPLEMENTATIONS = YES;
				CLANG_WARN_DIRECT_OBJC_ISA_USAGE = YES_ERROR;
				CLANG_WARN_DOCUMENTATION_COMMENTS = YES;
				CLANG_WARN_EMPTY_BODY = YES;
				CLANG_WARN_ENUM_CONVERSION = YES;
				CLANG_WARN_INFINITE_RECURSION = YES;
				CLANG_WARN_INT_CONVERSION = YES;
				CLANG_WARN_NON_LITERAL_NULL_CONVERSION = YES;
				CLANG_WARN_OBJC_IMPLICIT_RETAIN_SELF = YES;
				CLANG_WARN_OBJC_LITERAL_CONVERSION = YES;
				CLANG_WARN_OBJC_ROOT_CLASS = YES_ERROR;
				CLANG_WARN_RANGE_LOOP_ANALYSIS = YES;
				CLANG_WARN_STRICT_PROTOTYPES = YES;
				CLANG_WARN_SUSPICIOUS_MOVE = YES;
				CLANG_WARN_UNGUARDED_AVAILABILITY = YES_AGGRESSIVE;
				CLANG_WARN_UNREACHABLE_CODE = YES;
				CLANG_WARN__DUPLICATE_METHOD_MATCH = YES;
				CODE_SIGN_IDENTITY = "iPhone Developer";
				COPY_PHASE_STRIP = NO;
				DEBUG_INFORMATION_FORMAT = "dwarf-with-dsym";
				ENABLE_NS_ASSERTIONS = NO;
				ENABLE_STRICT_OBJC_MSGSEND = YES;
				GCC_C_LANGUAGE_STANDARD = gnu11;
				GCC_NO_COMMON_BLOCKS = YES;
				GCC_WARN_64_TO_32_BIT_CONVERSION = YES;
				GCC_WARN_ABOUT_RETURN_TYPE = YES_ERROR;
				GCC_WARN_UNDECLARED_SELECTOR = YES;
				GCC_WARN_UNINITIALIZED_AUTOS = YES_AGGRESSIVE;
				GCC_WARN_UNUSED_FUNCTION = YES;
				GCC_WARN_UNUSED_VARIABLE = YES;
				IPHONEOS_DEPLOYMENT_TARGET = 12.1;
				MTL_ENABLE_DEBUG_INFO = NO;
				MTL_FAST_MATH = YES;
				SDKROOT = iphoneos;
				SWIFT_COMPILATION_MODE = wholemodule;
				SWIFT_OPTIMIZATION_LEVEL = "-O";
				VALIDATE_PRODUCT = YES;
			};
			name = Release;
		};
		12D4240B21B5E7280071FFC6 /* Debug */ = {
			isa = XCBuildConfiguration;
			buildSettings = {
				ASSETCATALOG_COMPILER_APPICON_NAME = AppIcon;
				CODE_SIGN_STYLE = Automatic;
				INFOPLIST_FILE = geolocationapp/Info.plist;
				LD_RUNPATH_SEARCH_PATHS = (
					"$(inherited)",
					"@executable_path/Frameworks",
				);
				PRODUCT_BUNDLE_IDENTIFIER = oracle.geolocationapp;
				PRODUCT_NAME = "$(TARGET_NAME)";
				SWIFT_VERSION = 4.2;
				TARGETED_DEVICE_FAMILY = "1,2";
			};
			name = Debug;
		};
		12D4240C21B5E7280071FFC6 /* Release */ = {
			isa = XCBuildConfiguration;
			buildSettings = {
				ASSETCATALOG_COMPILER_APPICON_NAME = AppIcon;
				CODE_SIGN_STYLE = Automatic;
				INFOPLIST_FILE = geolocationapp/Info.plist;
				LD_RUNPATH_SEARCH_PATHS = (
					"$(inherited)",
					"@executable_path/Frameworks",
				);
				PRODUCT_BUNDLE_IDENTIFIER = oracle.geolocationapp;
				PRODUCT_NAME = "$(TARGET_NAME)";
				SWIFT_VERSION = 4.2;
				TARGETED_DEVICE_FAMILY = "1,2";
			};
			name = Release;
		};
/* End XCBuildConfiguration section */

/* Begin XCConfigurationList section */
		12D423F321B5E7250071FFC6 /* Build configuration list for PBXProject "geolocationapp" */ = {
			isa = XCConfigurationList;
			buildConfigurations = (
				12D4240821B5E7280071FFC6 /* Debug */,
				12D4240921B5E7280071FFC6 /* Release */,
			);
			defaultConfigurationIsVisible = 0;
			defaultConfigurationName = Release;
		};
		12D4240A21B5E7280071FFC6 /* Build configuration list for PBXNativeTarget "geolocationapp" */ = {
			isa = XCConfigurationList;
			buildConfigurations = (
				12D4240B21B5E7280071FFC6 /* Debug */,
				12D4240C21B5E7280071FFC6 /* Release */,
			);
			defaultConfigurationIsVisible = 0;
			defaultConfigurationName = Release;
		};
/* End XCConfigurationList section */
	};
	rootObject = 12D423F021B5E7250071FFC6 /* Project object */;
}
